version: 6
environments:
  default:
    channels:
    - url: https://conda.anaconda.org/conda-forge/
    packages:
      osx-arm64:
      - conda: https://conda.anaconda.org/conda-forge/osx-arm64/rust-1.86.0-h4ff7c5d_0.conda
      - conda: https://conda.anaconda.org/conda-forge/noarch/rust-std-aarch64-apple-darwin-1.86.0-hf6ec828_0.conda
packages:
- conda: https://conda.anaconda.org/conda-forge/osx-arm64/rust-1.86.0-h4ff7c5d_0.conda
  sha256: 84eed612b108a2ac5db2eb76c5f2cd596fec8e21a3cb1eb478080d74a39fab13
  md5: 05c1a701cdb550b46e0526c2453b7337
  depends:
  - rust-std-aarch64-apple-darwin 1.86.0 hf6ec828_0
  license: MIT
  license_family: MIT
  size: 224722205
  timestamp: 1743697077568
- conda: https://conda.anaconda.org/conda-forge/noarch/rust-std-aarch64-apple-darwin-1.86.0-hf6ec828_0.conda
  sha256: 13ece700416fd30628019ee589b8de01a66991c2ff583e876057309cd4a0b59a
  md5: e1a76ff63763cf04e06eca94978b9dd0
  depends:
  - __unix
  constrains:
  - rust >=1.86.0,<1.86.1.0a0
  license: MIT
  license_family: MIT
  size: 32999893
  timestamp: 1743696811586
